
Microsoft Visual Studio Solution File, Format Version 12.00
# Visual Studio Version 17
VisualStudioVersion = 17.12.35707.178 d17.12
MinimumVisualStudioVersion = 10.0.40219.1
Project("{FAE04EC0-301F-11D3-BF4B-00C04F79EFBC}") = "ProductCatch", "ProductCatch.csproj", "{0277CAF2-8C8E-4D10-882B-1BD66A5DBA8A}"
EndProject
Project("{FAE04EC0-301F-11D3-BF4B-00C04F79EFBC}") = "CustomProducts", "..\CustomProducts\CustomProducts.csproj", "{8EF4AA67-7B42-4C20-B8E8-62756E210DF4}"
EndProject
Global
	GlobalSection(SolutionConfigurationPlatforms) = preSolution
		Debug|Any CPU = Debug|Any CPU
		Release|Any CPU = Release|Any CPU
	EndGlobalSection
	GlobalSection(ProjectConfigurationPlatforms) = postSolution
		{0277CAF2-8C8E-4D10-882B-1BD66A5DBA8A}.Debug|Any CPU.ActiveCfg = Debug|Any CPU
		{0277CAF2-8C8E-4D10-882B-1BD66A5DBA8A}.Debug|Any CPU.Build.0 = Debug|Any CPU
		{0277CAF2-8C8E-4D10-882B-1BD66A5DBA8A}.Release|Any CPU.ActiveCfg = Release|Any CPU
		{0277CAF2-8C8E-4D10-882B-1BD66A5DBA8A}.Release|Any CPU.Build.0 = Release|Any CPU
		{8EF4AA67-7B42-4C20-B8E8-62756E210DF4}.Debug|Any CPU.ActiveCfg = Debug|Any CPU
		{8EF4AA67-7B42-4C20-B8E8-62756E210DF4}.Debug|Any CPU.Build.0 = Debug|Any CPU
		{8EF4AA67-7B42-4C20-B8E8-62756E210DF4}.Release|Any CPU.ActiveCfg = Release|Any CPU
		{8EF4AA67-7B42-4C20-B8E8-62756E210DF4}.Release|Any CPU.Build.0 = Release|Any CPU
	EndGlobalSection
	GlobalSection(SolutionProperties) = preSolution
		HideSolutionNode = FALSE
	EndGlobalSection
EndGlobal
